
Microsoft Visual Studio Solution File, Format Version 12.00
# Visual Studio Version 17
VisualStudioVersion = 17.0.31912.275
MinimumVisualStudioVersion = 10.0.40219.1
Project("{FAE04EC0-301F-11D3-BF4B-00C04F79EFBC}") = "BowieD.MusicPlayer.WPF", "BowieD.MusicPlayer.WPF\BowieD.MusicPlayer.WPF.csproj", "{C9D33180-BC30-4094-BCA1-99560B7A341C}"
EndProject
Global
	GlobalSection(SolutionConfigurationPlatforms) = preSolution
		Debug|Any CPU = Debug|Any CPU
		Release|Any CPU = Release|Any CPU
	EndGlobalSection
	GlobalSection(ProjectConfigurationPlatforms) = postSolution
		{C9D33180-BC30-4094-BCA1-99560B7A341C}.Debug|Any CPU.ActiveCfg = Debug|Any CPU
		{C9D33180-BC30-4094-BCA1-99560B7A341C}.Debug|Any CPU.Build.0 = Debug|Any CPU
		{C9D33180-BC30-4094-BCA1-99560B7A341C}.Release|Any CPU.ActiveCfg = Release|Any CPU
		{C9D33180-BC30-4094-BCA1-99560B7A341C}.Release|Any CPU.Build.0 = Release|Any CPU
	EndGlobalSection
	GlobalSection(SolutionProperties) = preSolution
		HideSolutionNode = FALSE
	EndGlobalSection
	GlobalSection(ExtensibilityGlobals) = postSolution
		SolutionGuid = {EBCD4333-89C1-4FD4-91BD-FA90FFE442D5}
	EndGlobalSection
EndGlobal
